
Microsoft Visual Studio Solution File, Format Version 12.00
# Visual Studio Version 17
VisualStudioVersion = 17.11.35327.3
MinimumVisualStudioVersion = 10.0.40219.1
Project("{888888A0-9F3D-457C-B088-3A5042F75D52}") = "CupFileExtentsExtractor", "CupFileExtentsExtractor.pyproj", "{D19575CA-8D41-410D-AC93-344C98D39F22}"
EndProject
Global
	GlobalSection(SolutionConfigurationPlatforms) = preSolution
		Debug|Any CPU = Debug|Any CPU
		Release|Any CPU = Release|Any CPU
	EndGlobalSection
	GlobalSection(ProjectConfigurationPlatforms) = postSolution
		{D19575CA-8D41-410D-AC93-344C98D39F22}.Debug|Any CPU.ActiveCfg = Debug|Any CPU
		{D19575CA-8D41-410D-AC93-344C98D39F22}.Release|Any CPU.ActiveCfg = Release|Any CPU
	EndGlobalSection
	GlobalSection(SolutionProperties) = preSolution
		HideSolutionNode = FALSE
	EndGlobalSection
	GlobalSection(ExtensibilityGlobals) = postSolution
		SolutionGuid = {ECC3D491-6309-487E-BB60-32F984893A8D}
	EndGlobalSection
EndGlobal
